Microsoft Visual Studio Solution File, Format Version 12.00
# Visual Studio Version 17
VisualStudioVersion = 17.5.2.0
MinimumVisualStudioVersion = 10.0.40219.1
Project("{FAE04EC0-301F-11D3-BF4B-00C04F79EFBC}") = "EmployeeManagment", "EmployeeManagment.csproj", "{5BBE0B51-76E2-6818-8CFD-7037B8AB512E}"
EndProject
Global
	GlobalSection(SolutionConfigurationPlatforms) = preSolution
		Debug|Any CPU = Debug|Any CPU
		Release|Any CPU = Release|Any CPU
	EndGlobalSection
	GlobalSection(ProjectConfigurationPlatforms) = postSolution
		{5BBE0B51-76E2-6818-8CFD-7037B8AB512E}.Debug|Any CPU.ActiveCfg = Debug|Any CPU
		{5BBE0B51-76E2-6818-8CFD-7037B8AB512E}.Debug|Any CPU.Build.0 = Debug|Any CPU
		{5BBE0B51-76E2-6818-8CFD-7037B8AB512E}.Release|Any CPU.ActiveCfg = Release|Any CPU
		{5BBE0B51-76E2-6818-8CFD-7037B8AB512E}.Release|Any CPU.Build.0 = Release|Any CPU
	EndGlobalSection
	GlobalSection(SolutionProperties) = preSolution
		HideSolutionNode = FALSE
	EndGlobalSection
	GlobalSection(ExtensibilityGlobals) = postSolution
		SolutionGuid = {A1FC2F88-9318-4026-967E-044A928F8DB9}
	EndGlobalSection
EndGlobal
